
Microsoft Visual Studio Solution File, Format Version 12.00
# Visual Studio 2012
Project("{FAE04EC0-301F-11D3-BF4B-00C04F79EFBC}") = "WebUi.Host", "WebUi.Host\WebUi.Host.csproj", "{83F6C903-4F7F-48BD-862C-6A3D85CE4F94}"
EndProject
Project("{FAE04EC0-301F-11D3-BF4B-00C04F79EFBC}") = "WebUi.Host.Tests", "WebUi.Host.Tests\WebUi.Host.Tests.csproj", "{710ED042-6F31-48A4-851E-60BE381CE14D}"
EndProject
Global
	GlobalSection(SolutionConfigurationPlatforms) = preSolution
		Debug|Any CPU = Debug|Any CPU
		Release|Any CPU = Release|Any CPU
	EndGlobalSection
	GlobalSection(ProjectConfigurationPlatforms) = postSolution
		{83F6C903-4F7F-48BD-862C-6A3D85CE4F94}.Debug|Any CPU.ActiveCfg = Debug|Any CPU
		{83F6C903-4F7F-48BD-862C-6A3D85CE4F94}.Debug|Any CPU.Build.0 = Debug|Any CPU
		{83F6C903-4F7F-48BD-862C-6A3D85CE4F94}.Release|Any CPU.ActiveCfg = Release|Any CPU
		{83F6C903-4F7F-48BD-862C-6A3D85CE4F94}.Release|Any CPU.Build.0 = Release|Any CPU
		{710ED042-6F31-48A4-851E-60BE381CE14D}.Debug|Any CPU.ActiveCfg = Debug|Any CPU
		{710ED042-6F31-48A4-851E-60BE381CE14D}.Debug|Any CPU.Build.0 = Debug|Any CPU
		{710ED042-6F31-48A4-851E-60BE381CE14D}.Release|Any CPU.ActiveCfg = Release|Any CPU
		{710ED042-6F31-48A4-851E-60BE381CE14D}.Release|Any CPU.Build.0 = Release|Any CPU
	EndGlobalSection
	GlobalSection(SolutionProperties) = preSolution
		HideSolutionNode = FALSE
	EndGlobalSection
EndGlobal
