
Microsoft Visual Studio Solution File, Format Version 12.00
# Visual Studio 2012
Project("{2150E333-8FDC-42A3-9474-1A3956D46DE8}") = "Common", "Common", "{06DF1A5B-3515-4DA2-96F1-98E4E7CEF2CD}"
EndProject
Project("{FAE04EC0-301F-11D3-BF4B-00C04F79EFBC}") = "Common.Utilities", "..\Common\Common.Utilities\Common.Utilities.csproj", "{673DF020-3C60-4285-9318-AE793B2DC0B7}"
EndProject
Project("{FAE04EC0-301F-11D3-BF4B-00C04F79EFBC}") = "Common.Utilities.ServiceApi", "..\Common\Common.Utilities.ServiceApi\Common.Utilities.ServiceApi.csproj", "{832CAD44-E133-4995-AEF6-5449805DF269}"
EndProject
Project("{FAE04EC0-301F-11D3-BF4B-00C04F79EFBC}") = "Common.ServiceStack", "..\Common\Common.ServiceStack\Common.ServiceStack.csproj", "{19BC98B1-126D-4558-AB1D-B6A28A14A143}"
EndProject
Project("{FAE04EC0-301F-11D3-BF4B-00C04F79EFBC}") = "Common.Logging", "..\Common\Common.Logging\Common.Logging.csproj", "{053E6DED-C0E3-46F7-A8C9-442517F7CB2F}"
EndProject
Project("{FAE04EC0-301F-11D3-BF4B-00C04F79EFBC}") = "Common.DataAccess.Ef", "..\Common\Common.DataAccess.Ef\Common.DataAccess.Ef.csproj", "{96B34C60-A4FC-4CE1-AE9B-181F5596B542}"
EndProject
Project("{FAE04EC0-301F-11D3-BF4B-00C04F79EFBC}") = "Common.DataAccess", "..\Common\Common.DataAccess\Common.DataAccess.csproj", "{5293B515-3077-4C12-8D07-7577878A8511}"
EndProject
Project("{2150E333-8FDC-42A3-9474-1A3956D46DE8}") = "Services", "Services", "{19A7DB78-7D57-4ED3-9451-008BDFBEB3DF}"
EndProject
Project("{FAE04EC0-301F-11D3-BF4B-00C04F79EFBC}") = "Platform.ServiceHost", "Platform.ServiceHost\Platform.ServiceHost.csproj", "{77D5A3D5-7956-40B4-BB99-CE34DA94CB82}"
EndProject
Project("{FAE04EC0-301F-11D3-BF4B-00C04F79EFBC}") = "Platform.ServiceModels", "Platform.ServiceModels\Platform.ServiceModels.csproj", "{1AFE645D-A08F-4B96-B6D8-D47FFFD8486F}"
EndProject
Project("{FAE04EC0-301F-11D3-BF4B-00C04F79EFBC}") = "Platform.ServiceImpl", "Platform.ServiceImpl\Platform.ServiceImpl.csproj", "{B98D5687-0971-486C-ADEC-CF57A00057A2}"
EndProject
Project("{FAE04EC0-301F-11D3-BF4B-00C04F79EFBC}") = "Platform.Core", "Platform.Core\Platform.Core.csproj", "{2F7C46D3-B6AF-4F81-BFEA-B2CB778AB7CC}"
EndProject
Project("{FAE04EC0-301F-11D3-BF4B-00C04F79EFBC}") = "Platform.DataAccess", "Platform.DataAccess\Platform.DataAccess.csproj", "{E0791486-CF4D-4495-AB53-8E6B3EB125B0}"
EndProject
Global
	GlobalSection(SolutionConfigurationPlatforms) = preSolution
		Debug|Any CPU = Debug|Any CPU
		Debug|x64 = Debug|x64
		Release|Any CPU = Release|Any CPU
		Release|x64 = Release|x64
	EndGlobalSection
	GlobalSection(ProjectConfigurationPlatforms) = postSolution
		{673DF020-3C60-4285-9318-AE793B2DC0B7}.Debug|Any CPU.ActiveCfg = Debug|Any CPU
		{673DF020-3C60-4285-9318-AE793B2DC0B7}.Debug|Any CPU.Build.0 = Debug|Any CPU
		{673DF020-3C60-4285-9318-AE793B2DC0B7}.Debug|x64.ActiveCfg = Debug|x64
		{673DF020-3C60-4285-9318-AE793B2DC0B7}.Debug|x64.Build.0 = Debug|x64
		{673DF020-3C60-4285-9318-AE793B2DC0B7}.Release|Any CPU.ActiveCfg = Release|Any CPU
		{673DF020-3C60-4285-9318-AE793B2DC0B7}.Release|Any CPU.Build.0 = Release|Any CPU
		{673DF020-3C60-4285-9318-AE793B2DC0B7}.Release|x64.ActiveCfg = Release|x64
		{673DF020-3C60-4285-9318-AE793B2DC0B7}.Release|x64.Build.0 = Release|x64
		{832CAD44-E133-4995-AEF6-5449805DF269}.Debug|Any CPU.ActiveCfg = Debug|Any CPU
		{832CAD44-E133-4995-AEF6-5449805DF269}.Debug|Any CPU.Build.0 = Debug|Any CPU
		{832CAD44-E133-4995-AEF6-5449805DF269}.Debug|x64.ActiveCfg = Debug|Any CPU
		{832CAD44-E133-4995-AEF6-5449805DF269}.Release|Any CPU.ActiveCfg = Release|Any CPU
		{832CAD44-E133-4995-AEF6-5449805DF269}.Release|Any CPU.Build.0 = Release|Any CPU
		{832CAD44-E133-4995-AEF6-5449805DF269}.Release|x64.ActiveCfg = Release|Any CPU
		{19BC98B1-126D-4558-AB1D-B6A28A14A143}.Debug|Any CPU.ActiveCfg = Debug|Any CPU
		{19BC98B1-126D-4558-AB1D-B6A28A14A143}.Debug|Any CPU.Build.0 = Debug|Any CPU
		{19BC98B1-126D-4558-AB1D-B6A28A14A143}.Debug|x64.ActiveCfg = Debug|Any CPU
		{19BC98B1-126D-4558-AB1D-B6A28A14A143}.Release|Any CPU.ActiveCfg = Release|Any CPU
		{19BC98B1-126D-4558-AB1D-B6A28A14A143}.Release|Any CPU.Build.0 = Release|Any CPU
		{19BC98B1-126D-4558-AB1D-B6A28A14A143}.Release|x64.ActiveCfg = Release|Any CPU
		{053E6DED-C0E3-46F7-A8C9-442517F7CB2F}.Debug|Any CPU.ActiveCfg = Debug|Any CPU
		{053E6DED-C0E3-46F7-A8C9-442517F7CB2F}.Debug|Any CPU.Build.0 = Debug|Any CPU
		{053E6DED-C0E3-46F7-A8C9-442517F7CB2F}.Debug|x64.ActiveCfg = Debug|x64
		{053E6DED-C0E3-46F7-A8C9-442517F7CB2F}.Debug|x64.Build.0 = Debug|x64
		{053E6DED-C0E3-46F7-A8C9-442517F7CB2F}.Release|Any CPU.ActiveCfg = Release|Any CPU
		{053E6DED-C0E3-46F7-A8C9-442517F7CB2F}.Release|Any CPU.Build.0 = Release|Any CPU
		{053E6DED-C0E3-46F7-A8C9-442517F7CB2F}.Release|x64.ActiveCfg = Release|x64
		{053E6DED-C0E3-46F7-A8C9-442517F7CB2F}.Release|x64.Build.0 = Release|x64
		{96B34C60-A4FC-4CE1-AE9B-181F5596B542}.Debug|Any CPU.ActiveCfg = Debug|Any CPU
		{96B34C60-A4FC-4CE1-AE9B-181F5596B542}.Debug|Any CPU.Build.0 = Debug|Any CPU
		{96B34C60-A4FC-4CE1-AE9B-181F5596B542}.Debug|x64.ActiveCfg = Debug|Any CPU
		{96B34C60-A4FC-4CE1-AE9B-181F5596B542}.Release|Any CPU.ActiveCfg = Release|Any CPU
		{96B34C60-A4FC-4CE1-AE9B-181F5596B542}.Release|Any CPU.Build.0 = Release|Any CPU
		{96B34C60-A4FC-4CE1-AE9B-181F5596B542}.Release|x64.ActiveCfg = Release|Any CPU
		{5293B515-3077-4C12-8D07-7577878A8511}.Debug|Any CPU.ActiveCfg = Debug|Any CPU
		{5293B515-3077-4C12-8D07-7577878A8511}.Debug|Any CPU.Build.0 = Debug|Any CPU
		{5293B515-3077-4C12-8D07-7577878A8511}.Debug|x64.ActiveCfg = Debug|Any CPU
		{5293B515-3077-4C12-8D07-7577878A8511}.Release|Any CPU.ActiveCfg = Release|Any CPU
		{5293B515-3077-4C12-8D07-7577878A8511}.Release|Any CPU.Build.0 = Release|Any CPU
		{5293B515-3077-4C12-8D07-7577878A8511}.Release|x64.ActiveCfg = Release|Any CPU
		{77D5A3D5-7956-40B4-BB99-CE34DA94CB82}.Debug|Any CPU.ActiveCfg = Debug|Any CPU
		{77D5A3D5-7956-40B4-BB99-CE34DA94CB82}.Debug|Any CPU.Build.0 = Debug|Any CPU
		{77D5A3D5-7956-40B4-BB99-CE34DA94CB82}.Debug|x64.ActiveCfg = Debug|Any CPU
		{77D5A3D5-7956-40B4-BB99-CE34DA94CB82}.Release|Any CPU.ActiveCfg = Release|Any CPU
		{77D5A3D5-7956-40B4-BB99-CE34DA94CB82}.Release|Any CPU.Build.0 = Release|Any CPU
		{77D5A3D5-7956-40B4-BB99-CE34DA94CB82}.Release|x64.ActiveCfg = Release|Any CPU
		{1AFE645D-A08F-4B96-B6D8-D47FFFD8486F}.Debug|Any CPU.ActiveCfg = Debug|Any CPU
		{1AFE645D-A08F-4B96-B6D8-D47FFFD8486F}.Debug|Any CPU.Build.0 = Debug|Any CPU
		{1AFE645D-A08F-4B96-B6D8-D47FFFD8486F}.Debug|x64.ActiveCfg = Debug|Any CPU
		{1AFE645D-A08F-4B96-B6D8-D47FFFD8486F}.Release|Any CPU.ActiveCfg = Release|Any CPU
		{1AFE645D-A08F-4B96-B6D8-D47FFFD8486F}.Release|Any CPU.Build.0 = Release|Any CPU
		{1AFE645D-A08F-4B96-B6D8-D47FFFD8486F}.Release|x64.ActiveCfg = Release|Any CPU
		{B98D5687-0971-486C-ADEC-CF57A00057A2}.Debug|Any CPU.ActiveCfg = Debug|Any CPU
		{B98D5687-0971-486C-ADEC-CF57A00057A2}.Debug|Any CPU.Build.0 = Debug|Any CPU
		{B98D5687-0971-486C-ADEC-CF57A00057A2}.Debug|x64.ActiveCfg = Debug|Any CPU
		{B98D5687-0971-486C-ADEC-CF57A00057A2}.Release|Any CPU.ActiveCfg = Release|Any CPU
		{B98D5687-0971-486C-ADEC-CF57A00057A2}.Release|Any CPU.Build.0 = Release|Any CPU
		{B98D5687-0971-486C-ADEC-CF57A00057A2}.Release|x64.ActiveCfg = Release|Any CPU
		{2F7C46D3-B6AF-4F81-BFEA-B2CB778AB7CC}.Debug|Any CPU.ActiveCfg = Debug|Any CPU
		{2F7C46D3-B6AF-4F81-BFEA-B2CB778AB7CC}.Debug|Any CPU.Build.0 = Debug|Any CPU
		{2F7C46D3-B6AF-4F81-BFEA-B2CB778AB7CC}.Debug|x64.ActiveCfg = Debug|Any CPU
		{2F7C46D3-B6AF-4F81-BFEA-B2CB778AB7CC}.Release|Any CPU.ActiveCfg = Release|Any CPU
		{2F7C46D3-B6AF-4F81-BFEA-B2CB778AB7CC}.Release|Any CPU.Build.0 = Release|Any CPU
		{2F7C46D3-B6AF-4F81-BFEA-B2CB778AB7CC}.Release|x64.ActiveCfg = Release|Any CPU
		{E0791486-CF4D-4495-AB53-8E6B3EB125B0}.Debug|Any CPU.ActiveCfg = Debug|Any CPU
		{E0791486-CF4D-4495-AB53-8E6B3EB125B0}.Debug|Any CPU.Build.0 = Debug|Any CPU
		{E0791486-CF4D-4495-AB53-8E6B3EB125B0}.Debug|x64.ActiveCfg = Debug|Any CPU
		{E0791486-CF4D-4495-AB53-8E6B3EB125B0}.Release|Any CPU.ActiveCfg = Release|Any CPU
		{E0791486-CF4D-4495-AB53-8E6B3EB125B0}.Release|Any CPU.Build.0 = Release|Any CPU
		{E0791486-CF4D-4495-AB53-8E6B3EB125B0}.Release|x64.ActiveCfg = Release|Any CPU
	EndGlobalSection
	GlobalSection(SolutionProperties) = preSolution
		HideSolutionNode = FALSE
	EndGlobalSection
	GlobalSection(NestedProjects) = preSolution
		{673DF020-3C60-4285-9318-AE793B2DC0B7} = {06DF1A5B-3515-4DA2-96F1-98E4E7CEF2CD}
		{832CAD44-E133-4995-AEF6-5449805DF269} = {06DF1A5B-3515-4DA2-96F1-98E4E7CEF2CD}
		{19BC98B1-126D-4558-AB1D-B6A28A14A143} = {06DF1A5B-3515-4DA2-96F1-98E4E7CEF2CD}
		{053E6DED-C0E3-46F7-A8C9-442517F7CB2F} = {06DF1A5B-3515-4DA2-96F1-98E4E7CEF2CD}
		{96B34C60-A4FC-4CE1-AE9B-181F5596B542} = {06DF1A5B-3515-4DA2-96F1-98E4E7CEF2CD}
		{5293B515-3077-4C12-8D07-7577878A8511} = {06DF1A5B-3515-4DA2-96F1-98E4E7CEF2CD}
		{77D5A3D5-7956-40B4-BB99-CE34DA94CB82} = {19A7DB78-7D57-4ED3-9451-008BDFBEB3DF}
		{1AFE645D-A08F-4B96-B6D8-D47FFFD8486F} = {19A7DB78-7D57-4ED3-9451-008BDFBEB3DF}
		{B98D5687-0971-486C-ADEC-CF57A00057A2} = {19A7DB78-7D57-4ED3-9451-008BDFBEB3DF}
		{2F7C46D3-B6AF-4F81-BFEA-B2CB778AB7CC} = {19A7DB78-7D57-4ED3-9451-008BDFBEB3DF}
		{E0791486-CF4D-4495-AB53-8E6B3EB125B0} = {19A7DB78-7D57-4ED3-9451-008BDFBEB3DF}
	EndGlobalSection
EndGlobal
