
Microsoft Visual Studio Solution File, Format Version 12.00
# Visual Studio 2012
Project("{FAE04EC0-301F-11D3-BF4B-00C04F79EFBC}") = "Domain.Entites", "Domain\Domain.Entites\Domain.Entites.csproj", "{277350FE-0717-413D-AF89-14FFFAB81481}"
EndProject
Project("{2150E333-8FDC-42A3-9474-1A3956D46DE8}") = "Domain", "Domain", "{EF2B23A4-7EB4-473B-B742-9B2F4D04D8A8}"
EndProject
Project("{2150E333-8FDC-42A3-9474-1A3956D46DE8}") = "Common", "Common", "{A3FD26A8-17DD-4842-A024-FB05C8D5EAC3}"
EndProject
Project("{2150E333-8FDC-42A3-9474-1A3956D46DE8}") = "Tests", "Tests", "{C10BB5E2-DD91-4079-A37D-DEA8F5E8E8BA}"
EndProject
Project("{2150E333-8FDC-42A3-9474-1A3956D46DE8}") = "Core", "Core", "{4660571D-3479-4665-A5F9-0766D8A9DDAA}"
EndProject
Project("{FAE04EC0-301F-11D3-BF4B-00C04F79EFBC}") = "Core.Host", "Core\Core.Host\Core.Host.csproj", "{3037EB42-5DD1-4E22-A804-98CB14C424DA}"
EndProject
Global
	GlobalSection(SolutionConfigurationPlatforms) = preSolution
		Debug|Any CPU = Debug|Any CPU
		Release|Any CPU = Release|Any CPU
	EndGlobalSection
	GlobalSection(ProjectConfigurationPlatforms) = postSolution
		{277350FE-0717-413D-AF89-14FFFAB81481}.Debug|Any CPU.ActiveCfg = Debug|Any CPU
		{277350FE-0717-413D-AF89-14FFFAB81481}.Debug|Any CPU.Build.0 = Debug|Any CPU
		{277350FE-0717-413D-AF89-14FFFAB81481}.Release|Any CPU.ActiveCfg = Release|Any CPU
		{277350FE-0717-413D-AF89-14FFFAB81481}.Release|Any CPU.Build.0 = Release|Any CPU
		{3037EB42-5DD1-4E22-A804-98CB14C424DA}.Debug|Any CPU.ActiveCfg = Debug|Any CPU
		{3037EB42-5DD1-4E22-A804-98CB14C424DA}.Debug|Any CPU.Build.0 = Debug|Any CPU
		{3037EB42-5DD1-4E22-A804-98CB14C424DA}.Release|Any CPU.ActiveCfg = Release|Any CPU
		{3037EB42-5DD1-4E22-A804-98CB14C424DA}.Release|Any CPU.Build.0 = Release|Any CPU
	EndGlobalSection
	GlobalSection(SolutionProperties) = preSolution
		HideSolutionNode = FALSE
	EndGlobalSection
	GlobalSection(NestedProjects) = preSolution
		{277350FE-0717-413D-AF89-14FFFAB81481} = {EF2B23A4-7EB4-473B-B742-9B2F4D04D8A8}
		{3037EB42-5DD1-4E22-A804-98CB14C424DA} = {4660571D-3479-4665-A5F9-0766D8A9DDAA}
	EndGlobalSection
EndGlobal
